
Microsoft Visual Studio Solution File, Format Version 12.00
# Visual Studio Version 17
VisualStudioVersion = 17.11.35111.106
MinimumVisualStudioVersion = 10.0.40219.1
Project("{FAE04EC0-301F-11D3-BF4B-00C04F79EFBC}") = "SWAJuly31", "SWAJuly31\SWAJuly31.csproj", "{30430C67-23F9-45A9-B8AC-DE260C14DB36}"
EndProject
Global
	GlobalSection(SolutionConfigurationPlatforms) = preSolution
		Debug|Any CPU = Debug|Any CPU
		Release|Any CPU = Release|Any CPU
	EndGlobalSection
	GlobalSection(ProjectConfigurationPlatforms) = postSolution
		{30430C67-23F9-45A9-B8AC-DE260C14DB36}.Debug|Any CPU.ActiveCfg = Debug|Any CPU
		{30430C67-23F9-45A9-B8AC-DE260C14DB36}.Debug|Any CPU.Build.0 = Debug|Any CPU
		{30430C67-23F9-45A9-B8AC-DE260C14DB36}.Release|Any CPU.ActiveCfg = Release|Any CPU
		{30430C67-23F9-45A9-B8AC-DE260C14DB36}.Release|Any CPU.Build.0 = Release|Any CPU
	EndGlobalSection
	GlobalSection(SolutionProperties) = preSolution
		HideSolutionNode = FALSE
	EndGlobalSection
	GlobalSection(ExtensibilityGlobals) = postSolution
		SolutionGuid = {252D3B53-2F64-40B2-929E-FED3DD9D6C30}
	EndGlobalSection
EndGlobal
